// !$*UTF8*$!
{
	archiveVersion = 1;
	classes = {
	};
	objectVersion = 55;
	objects = {

/* Begin PBXBuildFile section */
		F49D9FE02872D79900E38015 /* PotionsMasterApp.swift in Sources */ = {isa = PBXBuildFile; fileRef = F49D9FDF2872D79900E38015 /* PotionsMasterApp.swift */; };
		F49D9FE22872D79900E38015 /* ContentView.swift in Sources */ = {isa = PBXBuildFile; fileRef = F49D9FE12872D79900E38015 /* ContentView.swift */; };
		F49D9FE42872D79A00E38015 /* Assets.xcassets in Resources */ = {isa = PBXBuildFile; fileRef = F49D9FE32872D79A00E38015 /* Assets.xcassets */; };
		F49D9FE72872D79A00E38015 /* Preview Assets.xcassets in Resources */ = {isa = PBXBuildFile; fileRef = F49D9FE62872D79A00E38015 /* Preview Assets.xcassets */; };
		F49D9FEF2872D83A00E38015 /* Ingredient.swift in Sources */ = {isa = PBXBuildFile; fileRef = F49D9FEE2872D83900E38015 /* Ingredient.swift */; };
		F49D9FF12872D8CD00E38015 /* IngredientMock.swift in Sources */ = {isa = PBXBuildFile; fileRef = F49D9FF02872D8CD00E38015 /* IngredientMock.swift */; };
		F49D9FF428730D1E00E38015 /* IngredientRow.swift in Sources */ = {isa = PBXBuildFile; fileRef = F49D9FF328730D1E00E38015 /* IngredientRow.swift */; };
		F49D9FF6287386B400E38015 /* IngredientFormView.swift in Sources */ = {isa = PBXBuildFile; fileRef = F49D9FF5287386B400E38015 /* IngredientFormView.swift */; };
		F49D9FF828738A7700E38015 /* IngredientListView.swift in Sources */ = {isa = PBXBuildFile; fileRef = F49D9FF728738A7700E38015 /* IngredientListView.swift */; };
/* End PBXBuildFile section */

/* Begin PBXFileReference section */
		F49D9FDC2872D79900E38015 /* PotionsMaster.app */ = {isa = PBXFileReference; explicitFileType = wrapper.application; includeInIndex = 0; path = PotionsMaster.app; sourceTree = BUILT_PRODUCTS_DIR; };
		F49D9FDF2872D79900E38015 /* PotionsMasterApp.swift */ = {isa = PBXFileReference; lastKnownFileType = sourcecode.swift; path = PotionsMasterApp.swift; sourceTree = "<group>"; };
		F49D9FE12872D79900E38015 /* ContentView.swift */ = {isa = PBXFileReference; lastKnownFileType = sourcecode.swift; path = ContentView.swift; sourceTree = "<group>"; };
		F49D9FE32872D79A00E38015 /* Assets.xcassets */ = {isa = PBXFileReference; lastKnownFileType = folder.assetcatalog; path = Assets.xcassets; sourceTree = "<group>"; };
		F49D9FE62872D79A00E38015 /* Preview Assets.xcassets */ = {isa = PBXFileReference; lastKnownFileType = folder.assetcatalog; path = "Preview Assets.xcassets"; sourceTree = "<group>"; };
		F49D9FEE2872D83900E38015 /* Ingredient.swift */ = {isa = PBXFileReference; lastKnownFileType = sourcecode.swift; path = Ingredient.swift; sourceTree = "<group>"; };
		F49D9FF02872D8CD00E38015 /* IngredientMock.swift */ = {isa = PBXFileReference; lastKnownFileType = sourcecode.swift; path = IngredientMock.swift; sourceTree = "<group>"; };
		F49D9FF328730D1E00E38015 /* IngredientRow.swift */ = {isa = PBXFileReference; lastKnownFileType = sourcecode.swift; path = IngredientRow.swift; sourceTree = "<group>"; };
		F49D9FF5287386B400E38015 /* IngredientFormView.swift */ = {isa = PBXFileReference; lastKnownFileType = sourcecode.swift; path = IngredientFormView.swift; sourceTree = "<group>"; };
		F49D9FF728738A7700E38015 /* IngredientListView.swift */ = {isa = PBXFileReference; lastKnownFileType = sourcecode.swift; path = IngredientListView.swift; sourceTree = "<group>"; };
/* End PBXFileReference section */

/* Begin PBXFrameworksBuildPhase section */
		F49D9FD92872D79900E38015 /* Frameworks */ = {
			isa = PBXFrameworksBuildPhase;
			buildActionMask = 2147483647;
			files = (
			);
			runOnlyForDeploymentPostprocessing = 0;
		};
/* End PBXFrameworksBuildPhase section */

/* Begin PBXGroup section */
		F49D9FD32872D79900E38015 = {
			isa = PBXGroup;
			children = (
				F49D9FDE2872D79900E38015 /* PotionsMaster */,
				F49D9FDD2872D79900E38015 /* Products */,
			);
			sourceTree = "<group>";
		};
		F49D9FDD2872D79900E38015 /* Products */ = {
			isa = PBXGroup;
			children = (
				F49D9FDC2872D79900E38015 /* PotionsMaster.app */,
			);
			name = Products;
			sourceTree = "<group>";
		};
		F49D9FDE2872D79900E38015 /* PotionsMaster */ = {
			isa = PBXGroup;
			children = (
				F49D9FF228730D1300E38015 /* Views */,
				F49D9FED2872D81C00E38015 /* Models */,
				F49D9FDF2872D79900E38015 /* PotionsMasterApp.swift */,
				F49D9FE12872D79900E38015 /* ContentView.swift */,
				F49D9FE32872D79A00E38015 /* Assets.xcassets */,
				F49D9FE52872D79A00E38015 /* Preview Content */,
			);
			path = PotionsMaster;
			sourceTree = "<group>";
		};
		F49D9FE52872D79A00E38015 /* Preview Content */ = {
			isa = PBXGroup;
			children = (
				F49D9FE62872D79A00E38015 /* Preview Assets.xcassets */,
			);
			path = "Preview Content";
			sourceTree = "<group>";
		};
		F49D9FED2872D81C00E38015 /* Models */ = {
			isa = PBXGroup;
			children = (
				F49D9FEE2872D83900E38015 /* Ingredient.swift */,
				F49D9FF02872D8CD00E38015 /* IngredientMock.swift */,
			);
			path = Models;
			sourceTree = "<group>";
		};
		F49D9FF228730D1300E38015 /* Views */ = {
			isa = PBXGroup;
			children = (
				F49D9FF328730D1E00E38015 /* IngredientRow.swift */,
				F49D9FF5287386B400E38015 /* IngredientFormView.swift */,
				F49D9FF728738A7700E38015 /* IngredientListView.swift */,
			);
			path = Views;
			sourceTree = "<group>";
		};
/* End PBXGroup section */

/* Begin PBXNativeTarget section */
		F49D9FDB2872D79900E38015 /* PotionsMaster */ = {
			isa = PBXNativeTarget;
			buildConfigurationList = F49D9FEA2872D79A00E38015 /* Build configuration list for PBXNativeTarget "PotionsMaster" */;
			buildPhases = (
				F49D9FD82872D79900E38015 /* Sources */,
				F49D9FD92872D79900E38015 /* Frameworks */,
				F49D9FDA2872D79900E38015 /* Resources */,
			);
			buildRules = (
			);
			dependencies = (
			);
			name = PotionsMaster;
			productName = PotionsMaster;
			productReference = F49D9FDC2872D79900E38015 /* PotionsMaster.app */;
			productType = "com.apple.product-type.application";
		};
/* End PBXNativeTarget section */

/* Begin PBXProject section */
		F49D9FD42872D79900E38015 /* Project object */ = {
			isa = PBXProject;
			attributes = {
				BuildIndependentTargetsInParallel = 1;
				LastSwiftUpdateCheck = 1340;
				LastUpgradeCheck = 1340;
				TargetAttributes = {
					F49D9FDB2872D79900E38015 = {
						CreatedOnToolsVersion = 13.4.1;
					};
				};
			};
			buildConfigurationList = F49D9FD72872D79900E38015 /* Build configuration list for PBXProject "PotionsMaster" */;
			compatibilityVersion = "Xcode 13.0";
			developmentRegion = en;
			hasScannedForEncodings = 0;
			knownRegions = (
				en,
				Base,
			);
			mainGroup = F49D9FD32872D79900E38015;
			productRefGroup = F49D9FDD2872D79900E38015 /* Products */;
			projectDirPath = "";
			projectRoot = "";
			targets = (
				F49D9FDB2872D79900E38015 /* PotionsMaster */,
			);
		};
/* End PBXProject section */

/* Begin PBXResourcesBuildPhase section */
		F49D9FDA2872D79900E38015 /* Resources */ = {
			isa = PBXResourcesBuildPhase;
			buildActionMask = 2147483647;
			files = (
				F49D9FE72872D79A00E38015 /* Preview Assets.xcassets in Resources */,
				F49D9FE42872D79A00E38015 /* Assets.xcassets in Resources */,
			);
			runOnlyForDeploymentPostprocessing = 0;
		};
/* End PBXResourcesBuildPhase section */

/* Begin PBXSourcesBuildPhase section */
		F49D9FD82872D79900E38015 /* Sources */ = {
			isa = PBXSourcesBuildPhase;
			buildActionMask = 2147483647;
			files = (
				F49D9FF428730D1E00E38015 /* IngredientRow.swift in Sources */,
				F49D9FF6287386B400E38015 /* IngredientFormView.swift in Sources */,
				F49D9FE22872D79900E38015 /* ContentView.swift in Sources */,
				F49D9FE02872D79900E38015 /* PotionsMasterApp.swift in Sources */,
				F49D9FF12872D8CD00E38015 /* IngredientMock.swift in Sources */,
				F49D9FF828738A7700E38015 /* IngredientListView.swift in Sources */,
				F49D9FEF2872D83A00E38015 /* Ingredient.swift in Sources */,
			);
			runOnlyForDeploymentPostprocessing = 0;
		};
/* End PBXSourcesBuildPhase section */

/* Begin XCBuildConfiguration section */
		F49D9FE82872D79A00E38015 /* Debug */ = {
			isa = XCBuildConfiguration;
			buildSettings = {
				ALWAYS_SEARCH_USER_PATHS = NO;
				CLANG_ANALYZER_NONNULL = YES;
				CLANG_ANALYZER_NUMBER_OBJECT_CONVERSION = YES_AGGRESSIVE;
				CLANG_CXX_LANGUAGE_STANDARD = "gnu++17";
				CLANG_ENABLE_MODULES = YES;
				CLANG_ENABLE_OBJC_ARC = YES;
				CLANG_ENABLE_OBJC_WEAK = YES;
				CLANG_WARN_BLOCK_CAPTURE_AUTORELEASING = YES;
				CLANG_WARN_BOOL_CONVERSION = YES;
				CLANG_WARN_COMMA = YES;
				CLANG_WARN_CONSTANT_CONVERSION = YES;
				CLANG_WARN_DEPRECATED_OBJC_IMPLEMENTATIONS = YES;
				CLANG_WARN_DIRECT_OBJC_ISA_USAGE = YES_ERROR;
				CLANG_WARN_DOCUMENTATION_COMMENTS = YES;
				CLANG_WARN_EMPTY_BODY = YES;
				CLANG_WARN_ENUM_CONVERSION = YES;
				CLANG_WARN_INFINITE_RECURSION = YES;
				CLANG_WARN_INT_CONVERSION = YES;
				CLANG_WARN_NON_LITERAL_NULL_CONVERSION = YES;
				CLANG_WARN_OBJC_IMPLICIT_RETAIN_SELF = YES;
				CLANG_WARN_OBJC_LITERAL_CONVERSION = YES;
				CLANG_WARN_OBJC_ROOT_CLASS = YES_ERROR;
				CLANG_WARN_QUOTED_INCLUDE_IN_FRAMEWORK_HEADER = YES;
				CLANG_WARN_RANGE_LOOP_ANALYSIS = YES;
				CLANG_WARN_STRICT_PROTOTYPES = YES;
				CLANG_WARN_SUSPICIOUS_MOVE = YES;
				CLANG_WARN_UNGUARDED_AVAILABILITY = YES_AGGRESSIVE;
				CLANG_WARN_UNREACHABLE_CODE = YES;
				CLANG_WARN__DUPLICATE_METHOD_MATCH = YES;
				COPY_PHASE_STRIP = NO;
				DEBUG_INFORMATION_FORMAT = dwarf;
				ENABLE_STRICT_OBJC_MSGSEND = YES;
				ENABLE_TESTABILITY = YES;
				GCC_C_LANGUAGE_STANDARD = gnu11;
				GCC_DYNAMIC_NO_PIC = NO;
				GCC_NO_COMMON_BLOCKS = YES;
				GCC_OPTIMIZATION_LEVEL = 0;
				GCC_PREPROCESSOR_DEFINITIONS = (
					"DEBUG=1",
					"$(inherited)",
				);
				GCC_WARN_64_TO_32_BIT_CONVERSION = YES;
				GCC_WARN_ABOUT_RETURN_TYPE = YES_ERROR;
				GCC_WARN_UNDECLARED_SELECTOR = YES;
				GCC_WARN_UNINITIALIZED_AUTOS = YES_AGGRESSIVE;
				GCC_WARN_UNUSED_FUNCTION = YES;
				GCC_WARN_UNUSED_VARIABLE = YES;
				IPHONEOS_DEPLOYMENT_TARGET = 15.5;
				MTL_ENABLE_DEBUG_INFO = INCLUDE_SOURCE;
				MTL_FAST_MATH = YES;
				ONLY_ACTIVE_ARCH = YES;
				SDKROOT = iphoneos;
				SWIFT_ACTIVE_COMPILATION_CONDITIONS = DEBUG;
				SWIFT_OPTIMIZATION_LEVEL = "-Onone";
			};
			name = Debug;
		};
		F49D9FE92872D79A00E38015 /* Release */ = {
			isa = XCBuildConfiguration;
			buildSettings = {
				ALWAYS_SEARCH_USER_PATHS = NO;
				CLANG_ANALYZER_NONNULL = YES;
				CLANG_ANALYZER_NUMBER_OBJECT_CONVERSION = YES_AGGRESSIVE;
				CLANG_CXX_LANGUAGE_STANDARD = "gnu++17";
				CLANG_ENABLE_MODULES = YES;
				CLANG_ENABLE_OBJC_ARC = YES;
				CLANG_ENABLE_OBJC_WEAK = YES;
				CLANG_WARN_BLOCK_CAPTURE_AUTORELEASING = YES;
				CLANG_WARN_BOOL_CONVERSION = YES;
				CLANG_WARN_COMMA = YES;
				CLANG_WARN_CONSTANT_CONVERSION = YES;
				CLANG_WARN_DEPRECATED_OBJC_IMPLEMENTATIONS = YES;
				CLANG_WARN_DIRECT_OBJC_ISA_USAGE = YES_ERROR;
				CLANG_WARN_DOCUMENTATION_COMMENTS = YES;
				CLANG_WARN_EMPTY_BODY = YES;
				CLANG_WARN_ENUM_CONVERSION = YES;
				CLANG_WARN_INFINITE_RECURSION = YES;
				CLANG_WARN_INT_CONVERSION = YES;
				CLANG_WARN_NON_LITERAL_NULL_CONVERSION = YES;
				CLANG_WARN_OBJC_IMPLICIT_RETAIN_SELF = YES;
				CLANG_WARN_OBJC_LITERAL_CONVERSION = YES;
				CLANG_WARN_OBJC_ROOT_CLASS = YES_ERROR;
				CLANG_WARN_QUOTED_INCLUDE_IN_FRAMEWORK_HEADER = YES;
				CLANG_WARN_RANGE_LOOP_ANALYSIS = YES;
				CLANG_WARN_STRICT_PROTOTYPES = YES;
				CLANG_WARN_SUSPICIOUS_MOVE = YES;
				CLANG_WARN_UNGUARDED_AVAILABILITY = YES_AGGRESSIVE;
				CLANG_WARN_UNREACHABLE_CODE = YES;
				CLANG_WARN__DUPLICATE_METHOD_MATCH = YES;
				COPY_PHASE_STRIP = NO;
				DEBUG_INFORMATION_FORMAT = "dwarf-with-dsym";
				ENABLE_NS_ASSERTIONS = NO;
				ENABLE_STRICT_OBJC_MSGSEND = YES;
				GCC_C_LANGUAGE_STANDARD = gnu11;
				GCC_NO_COMMON_BLOCKS = YES;
				GCC_WARN_64_TO_32_BIT_CONVERSION = YES;
				GCC_WARN_ABOUT_RETURN_TYPE = YES_ERROR;
				GCC_WARN_UNDECLARED_SELECTOR = YES;
				GCC_WARN_UNINITIALIZED_AUTOS = YES_AGGRESSIVE;
				GCC_WARN_UNUSED_FUNCTION = YES;
				GCC_WARN_UNUSED_VARIABLE = YES;
				IPHONEOS_DEPLOYMENT_TARGET = 15.5;
				MTL_ENABLE_DEBUG_INFO = NO;
				MTL_FAST_MATH = YES;
				SDKROOT = iphoneos;
				SWIFT_COMPILATION_MODE = wholemodule;
				SWIFT_OPTIMIZATION_LEVEL = "-O";
				VALIDATE_PRODUCT = YES;
			};
			name = Release;
		};
		F49D9FEB2872D79A00E38015 /* Debug */ = {
			isa = XCBuildConfiguration;
			buildSettings = {
				ASSETCATALOG_COMPILER_APPICON_NAME = AppIcon;
				ASSETCATALOG_COMPILER_GLOBAL_ACCENT_COLOR_NAME = AccentColor;
				CODE_SIGN_STYLE = Automatic;
				CURRENT_PROJECT_VERSION = 1;
				DEVELOPMENT_ASSET_PATHS = "\"PotionsMaster/Preview Content\"";
				DEVELOPMENT_TEAM = 4SKJAJR837;
				ENABLE_PREVIEWS = YES;
				GENERATE_INFOPLIST_FILE = YES;
				INFOPLIST_KEY_UIApplicationSceneManifest_Generation = YES;
				INFOPLIST_KEY_UIApplicationSupportsIndirectInputEvents = YES;
				INFOPLIST_KEY_UILaunchScreen_Generation = YES;
				INFOPLIST_KEY_UISupportedInterfaceOrientations_iPad = "UIInterfaceOrientationPortrait UIInterfaceOrientationPortraitUpsideDown UIInterfaceOrientationLandscapeLeft UIInterfaceOrientationLandscapeRight";
				INFOPLIST_KEY_UISupportedInterfaceOrientations_iPhone = "UIInterfaceOrientationPortrait UIInterfaceOrientationLandscapeLeft UIInterfaceOrientationLandscapeRight";
				LD_RUNPATH_SEARCH_PATHS = (
					"$(inherited)",
					"@executable_path/Frameworks",
				);
				MARKETING_VERSION = 1.0;
				PRODUCT_BUNDLE_IDENTIFIER = com.poddlybonk.PotionsMaster;
				PRODUCT_NAME = "$(TARGET_NAME)";
				SWIFT_EMIT_LOC_STRINGS = YES;
				SWIFT_VERSION = 5.0;
				TARGETED_DEVICE_FAMILY = "1,2";
			};
			name = Debug;
		};
		F49D9FEC2872D79A00E38015 /* Release */ = {
			isa = XCBuildConfiguration;
			buildSettings = {
				ASSETCATALOG_COMPILER_APPICON_NAME = AppIcon;
				ASSETCATALOG_COMPILER_GLOBAL_ACCENT_COLOR_NAME = AccentColor;
				CODE_SIGN_STYLE = Automatic;
				CURRENT_PROJECT_VERSION = 1;
				DEVELOPMENT_ASSET_PATHS = "\"PotionsMaster/Preview Content\"";
				DEVELOPMENT_TEAM = 4SKJAJR837;
				ENABLE_PREVIEWS = YES;
				GENERATE_INFOPLIST_FILE = YES;
				INFOPLIST_KEY_UIApplicationSceneManifest_Generation = YES;
				INFOPLIST_KEY_UIApplicationSupportsIndirectInputEvents = YES;
				INFOPLIST_KEY_UILaunchScreen_Generation = YES;
				INFOPLIST_KEY_UISupportedInterfaceOrientations_iPad = "UIInterfaceOrientationPortrait UIInterfaceOrientationPortraitUpsideDown UIInterfaceOrientationLandscapeLeft UIInterfaceOrientationLandscapeRight";
				INFOPLIST_KEY_UISupportedInterfaceOrientations_iPhone = "UIInterfaceOrientationPortrait UIInterfaceOrientationLandscapeLeft UIInterfaceOrientationLandscapeRight";
				LD_RUNPATH_SEARCH_PATHS = (
					"$(inherited)",
					"@executable_path/Frameworks",
				);
				MARKETING_VERSION = 1.0;
				PRODUCT_BUNDLE_IDENTIFIER = com.poddlybonk.PotionsMaster;
				PRODUCT_NAME = "$(TARGET_NAME)";
				SWIFT_EMIT_LOC_STRINGS = YES;
				SWIFT_VERSION = 5.0;
				TARGETED_DEVICE_FAMILY = "1,2";
			};
			name = Release;
		};
/* End XCBuildConfiguration section */

/* Begin XCConfigurationList section */
		F49D9FD72872D79900E38015 /* Build configuration list for PBXProject "PotionsMaster" */ = {
			isa = XCConfigurationList;
			buildConfigurations = (
				F49D9FE82872D79A00E38015 /* Debug */,
				F49D9FE92872D79A00E38015 /* Release */,
			);
			defaultConfigurationIsVisible = 0;
			defaultConfigurationName = Release;
		};
		F49D9FEA2872D79A00E38015 /* Build configuration list for PBXNativeTarget "PotionsMaster" */ = {
			isa = XCConfigurationList;
			buildConfigurations = (
				F49D9FEB2872D79A00E38015 /* Debug */,
				F49D9FEC2872D79A00E38015 /* Release */,
			);
			defaultConfigurationIsVisible = 0;
			defaultConfigurationName = Release;
		};
/* End XCConfigurationList section */
	};
	rootObject = F49D9FD42872D79900E38015 /* Project object */;
}
